Microsoft Visual Studio Solution File, Format Version 12.00
# Visual Studio Version 17
VisualStudioVersion = 17.5.2.0
MinimumVisualStudioVersion = 10.0.40219.1
Project("{FAE04EC0-301F-11D3-BF4B-00C04F79EFBC}") = "TelTabs", "TelTabs\TelTabs.csproj", "{F5849059-FE30-BF5B-8A6E-EDDD68189F05}"
EndProject
Global
	GlobalSection(SolutionConfigurationPlatforms) = preSolution
		Debug|Any CPU = Debug|Any CPU
		Release|Any CPU = Release|Any CPU
	EndGlobalSection
	GlobalSection(ProjectConfigurationPlatforms) = postSolution
		{F5849059-FE30-BF5B-8A6E-EDDD68189F05}.Debug|Any CPU.ActiveCfg = Debug|Any CPU
		{F5849059-FE30-BF5B-8A6E-EDDD68189F05}.Debug|Any CPU.Build.0 = Debug|Any CPU
		{F5849059-FE30-BF5B-8A6E-EDDD68189F05}.Release|Any CPU.ActiveCfg = Release|Any CPU
		{F5849059-FE30-BF5B-8A6E-EDDD68189F05}.Release|Any CPU.Build.0 = Release|Any CPU
	EndGlobalSection
	GlobalSection(SolutionProperties) = preSolution
		HideSolutionNode = FALSE
	EndGlobalSection
	GlobalSection(ExtensibilityGlobals) = postSolution
		SolutionGuid = {7E1ACAC1-8D61-4DCC-AA72-C498DCECDC78}
	EndGlobalSection
EndGlobal
